
Microsoft Visual Studio Solution File, Format Version 12.00
# Visual Studio Version 17
VisualStudioVersion = 17.14.36203.30 d17.14
MinimumVisualStudioVersion = 10.0.40219.1
Project("{FAE04EC0-301F-11D3-BF4B-00C04F79EFBC}") = "SMSPORTALAPI", "SMSPORTALAPI\SMSPORTALAPI.csproj", "{0626CA1B-A20B-429E-86C6-60196AF7A58F}"
EndProject
Project("{FAE04EC0-301F-11D3-BF4B-00C04F79EFBC}") = "SmsPortalClassLibrary", "SmsPortalClassLibrary\SmsPortalClassLibrary.csproj", "{67C414D1-0C7D-4E4A-B17C-AFD8DD902966}"
EndProject
Global
	GlobalSection(SolutionConfigurationPlatforms) = preSolution
		Debug|Any CPU = Debug|Any CPU
		Release|Any CPU = Release|Any CPU
	EndGlobalSection
	GlobalSection(ProjectConfigurationPlatforms) = postSolution
		{0626CA1B-A20B-429E-86C6-60196AF7A58F}.Debug|Any CPU.ActiveCfg = Debug|Any CPU
		{0626CA1B-A20B-429E-86C6-60196AF7A58F}.Debug|Any CPU.Build.0 = Debug|Any CPU
		{0626CA1B-A20B-429E-86C6-60196AF7A58F}.Release|Any CPU.ActiveCfg = Release|Any CPU
		{0626CA1B-A20B-429E-86C6-60196AF7A58F}.Release|Any CPU.Build.0 = Release|Any CPU
		{67C414D1-0C7D-4E4A-B17C-AFD8DD902966}.Debug|Any CPU.ActiveCfg = Debug|Any CPU
		{67C414D1-0C7D-4E4A-B17C-AFD8DD902966}.Debug|Any CPU.Build.0 = Debug|Any CPU
		{67C414D1-0C7D-4E4A-B17C-AFD8DD902966}.Release|Any CPU.ActiveCfg = Release|Any CPU
		{67C414D1-0C7D-4E4A-B17C-AFD8DD902966}.Release|Any CPU.Build.0 = Release|Any CPU
	EndGlobalSection
	GlobalSection(SolutionProperties) = preSolution
		HideSolutionNode = FALSE
	EndGlobalSection
	GlobalSection(ExtensibilityGlobals) = postSolution
		EnterpriseLibraryConfigurationToolBinariesPathV6 = packages\EnterpriseLibrary.Common.6.0.1304.0\lib\NET45;packages\EnterpriseLibrary.Data.6.0.1304.0\lib\NET45
		SolutionGuid = {92862015-8B63-450C-AECE-7C9DEDA5FB86}
	EndGlobalSection
EndGlobal
